
Microsoft Visual Studio Solution File, Format Version 12.00
# Visual Studio Version 17
VisualStudioVersion = 17.10.35122.118
MinimumVisualStudioVersion = 10.0.40219.1
Project("{9A19103F-16F7-4668-BE54-9A1E7A4F7556}") = "ReactDisasterRelief.Server", "ReactDisasterRelief.Server\ReactDisasterRelief.Server.csproj", "{4CC1CF48-1A31-4B3B-AFBB-9E4912D7520B}"
EndProject
Project("{54A90642-561A-4BB1-A94E-469ADEE60C69}") = "reactdisasterrelief.client", "reactdisasterrelief.client\reactdisasterrelief.client.esproj", "{93987B60-E213-472E-823C-6A5F326AF97D}"
EndProject
Project("{9092AA53-FB77-4645-B42D-1CCCA6BD08BD}") = "ExpressServer", "ExpressServer\ExpressServer.njsproj", "{5A099EB8-CF43-46A3-96B5-F61F36C00B8B}"
EndProject
Global
	GlobalSection(SolutionConfigurationPlatforms) = preSolution
		Debug|Any CPU = Debug|Any CPU
		Release|Any CPU = Release|Any CPU
	EndGlobalSection
	GlobalSection(ProjectConfigurationPlatforms) = postSolution
		{4CC1CF48-1A31-4B3B-AFBB-9E4912D7520B}.Debug|Any CPU.ActiveCfg = Debug|Any CPU
		{4CC1CF48-1A31-4B3B-AFBB-9E4912D7520B}.Debug|Any CPU.Build.0 = Debug|Any CPU
		{4CC1CF48-1A31-4B3B-AFBB-9E4912D7520B}.Release|Any CPU.ActiveCfg = Release|Any CPU
		{4CC1CF48-1A31-4B3B-AFBB-9E4912D7520B}.Release|Any CPU.Build.0 = Release|Any CPU
		{93987B60-E213-472E-823C-6A5F326AF97D}.Debug|Any CPU.ActiveCfg = Debug|Any CPU
		{93987B60-E213-472E-823C-6A5F326AF97D}.Debug|Any CPU.Build.0 = Debug|Any CPU
		{93987B60-E213-472E-823C-6A5F326AF97D}.Debug|Any CPU.Deploy.0 = Debug|Any CPU
		{93987B60-E213-472E-823C-6A5F326AF97D}.Release|Any CPU.ActiveCfg = Release|Any CPU
		{93987B60-E213-472E-823C-6A5F326AF97D}.Release|Any CPU.Build.0 = Release|Any CPU
		{93987B60-E213-472E-823C-6A5F326AF97D}.Release|Any CPU.Deploy.0 = Release|Any CPU
		{5A099EB8-CF43-46A3-96B5-F61F36C00B8B}.Debug|Any CPU.ActiveCfg = Debug|Any CPU
		{5A099EB8-CF43-46A3-96B5-F61F36C00B8B}.Debug|Any CPU.Build.0 = Debug|Any CPU
		{5A099EB8-CF43-46A3-96B5-F61F36C00B8B}.Release|Any CPU.ActiveCfg = Release|Any CPU
		{5A099EB8-CF43-46A3-96B5-F61F36C00B8B}.Release|Any CPU.Build.0 = Release|Any CPU
	EndGlobalSection
	GlobalSection(SolutionProperties) = preSolution
		HideSolutionNode = FALSE
	EndGlobalSection
	GlobalSection(ExtensibilityGlobals) = postSolution
		SolutionGuid = {75B6A4A9-F5F1-4E37-9846-4D50CCD31762}
	EndGlobalSection
EndGlobal
